{
  "requires": true,
  "lockfileVersion": 1,
  "dependencies": {
    "@mdi/js": {
      "version": "6.1.95",
      "resolved": "https://registry.npmjs.org/@mdi/js/-/js-6.1.95.tgz",
      "integrity": "sha512-e6ZXoNB9uciA4smHHVkZWyYX/RRZsza8XfLvnOuvdLQttpzRKTqR26jG/COL0o4ES9vbAk9PX5mXTEstg0TCsg=="
    }
  }
}
